
Microsoft Visual Studio Solution File, Format Version 12.00
# Visual Studio Version 17
VisualStudioVersion = 17.7.34003.232
MinimumVisualStudioVersion = 10.0.40219.1
Project("{8BC9CEB8-8B4A-11D0-8D11-00A0C91BC942}") = "gitHubIntro", "gitHubIntro\gitHubIntro.vcxproj", "{35522BB0-6EE9-419D-B2A3-2D6E358C6F05}"
EndProject
Global
	GlobalSection(SolutionConfigurationPlatforms) = preSolution
		Debug|x64 = Debug|x64
		Debug|x86 = Debug|x86
		Release|x64 = Release|x64
		Release|x86 = Release|x86
	EndGlobalSection
	GlobalSection(ProjectConfigurationPlatforms) = postSolution
		{35522BB0-6EE9-419D-B2A3-2D6E358C6F05}.Debug|x64.ActiveCfg = Debug|x64
		{35522BB0-6EE9-419D-B2A3-2D6E358C6F05}.Debug|x64.Build.0 = Debug|x64
		{35522BB0-6EE9-419D-B2A3-2D6E358C6F05}.Debug|x86.ActiveCfg = Debug|Win32
		{35522BB0-6EE9-419D-B2A3-2D6E358C6F05}.Debug|x86.Build.0 = Debug|Win32
		{35522BB0-6EE9-419D-B2A3-2D6E358C6F05}.Release|x64.ActiveCfg = Release|x64
		{35522BB0-6EE9-419D-B2A3-2D6E358C6F05}.Release|x64.Build.0 = Release|x64
		{35522BB0-6EE9-419D-B2A3-2D6E358C6F05}.Release|x86.ActiveCfg = Release|Win32
		{35522BB0-6EE9-419D-B2A3-2D6E358C6F05}.Release|x86.Build.0 = Release|Win32
	EndGlobalSection
	GlobalSection(SolutionProperties) = preSolution
		HideSolutionNode = FALSE
	EndGlobalSection
	GlobalSection(ExtensibilityGlobals) = postSolution
		SolutionGuid = {B07C89CA-FB8E-4AC0-9C37-D2DB6C1C2B41}
	EndGlobalSection
EndGlobal
